
Microsoft Visual Studio Solution File, Format Version 12.00
# Visual Studio Version 16
VisualStudioVersion = 16.0.31424.327
MinimumVisualStudioVersion = 10.0.40219.1
Project("{FAE04EC0-301F-11D3-BF4B-00C04F79EFBC}") = "EventCalendar", "EventCalendar.csproj", "{77199C1D-2543-4CF8-9680-04DA4345714B}"
EndProject
Global
	GlobalSection(SolutionConfigurationPlatforms) = preSolution
		Debug|Any CPU = Debug|Any CPU
		Release|Any CPU = Release|Any CPU
	EndGlobalSection
	GlobalSection(ProjectConfigurationPlatforms) = postSolution
		{77199C1D-2543-4CF8-9680-04DA4345714B}.Debug|Any CPU.ActiveCfg = Debug|Any CPU
		{77199C1D-2543-4CF8-9680-04DA4345714B}.Debug|Any CPU.Build.0 = Debug|Any CPU
		{77199C1D-2543-4CF8-9680-04DA4345714B}.Release|Any CPU.ActiveCfg = Release|Any CPU
		{77199C1D-2543-4CF8-9680-04DA4345714B}.Release|Any CPU.Build.0 = Release|Any CPU
	EndGlobalSection
	GlobalSection(SolutionProperties) = preSolution
		HideSolutionNode = FALSE
	EndGlobalSection
	GlobalSection(ExtensibilityGlobals) = postSolution
		SolutionGuid = {B9D34532-DEB7-402D-A22E-B4FE3AD8E07E}
	EndGlobalSection
EndGlobal
